PODS:
  - Mantle (2.1.0):
    - Mantle/extobjc (= 2.1.0)
  - Mantle/extobjc (2.1.0)
  - ReactiveObjC (3.1.0)

DEPENDENCIES:
  - Mantle
  - ReactiveObjC

SPEC REPOS:
  https://github.com/cocoapods/specs.git:
    - Mantle
    - ReactiveObjC

SPEC CHECKSUMS:
  Mantle: 2fa750afa478cd625a94230fbf1c13462f29395b
  ReactiveObjC: 2a38ea15335de4119d8b17caf1db1484f61db902

PODFILE CHECKSUM: 72f78a62ad6de9e1a0a9e21f22798120eae3e0b7

COCOAPODS: 1.6.0.beta.1
