// !$*UTF8*$!
{
	archiveVersion = 1;
	classes = {
	};
	objectVersion = 50;
	objects = {

/* Begin PBXBuildFile section */
		4EE71FEC519951864DB397C1 /* libPods-OrganizationsMapTests.a in Frameworks */ = {isa = PBXBuildFile; fileRef = 5FBDBF25080325D1033F4071 /* libPods-OrganizationsMapTests.a */; };
		C1AC3EAF2A662C90E0E07183 /* libPods-OrganizationsMap.a in Frameworks */ = {isa = PBXBuildFile; fileRef = 5B4B6AB8DB48280BAEFBD9C2 /* libPods-OrganizationsMap.a */; };
		EF6F2E5E217E150300207983 /* AppDelegate.m in Sources */ = {isa = PBXBuildFile; fileRef = EF6F2E5D217E150300207983 /* AppDelegate.m */; };
		EF6F2E66217E150400207983 /* Assets.xcassets in Resources */ = {isa = PBXBuildFile; fileRef = EF6F2E65217E150400207983 /* Assets.xcassets */; };
		EF6F2E69217E150400207983 /* LaunchScreen.storyboard in Resources */ = {isa = PBXBuildFile; fileRef = EF6F2E67217E150400207983 /* LaunchScreen.storyboard */; };
		EF6F2E6C217E150400207983 /* main.m in Sources */ = {isa = PBXBuildFile; fileRef = EF6F2E6B217E150400207983 /* main.m */; };
		EF6F2E76217E150400207983 /* OrganizationsMapTests.m in Sources */ = {isa = PBXBuildFile; fileRef = EF6F2E75217E150400207983 /* OrganizationsMapTests.m */; };
		EF760659217FF119002CAF7A /* UIApplication+Accessor.m in Sources */ = {isa = PBXBuildFile; fileRef = EF760658217FF119002CAF7A /* UIApplication+Accessor.m */; };
		EF7606672180DE85002CAF7A /* OrganizationDTOModel.m in Sources */ = {isa = PBXBuildFile; fileRef = EF7606662180DE84002CAF7A /* OrganizationDTOModel.m */; };
		EF76066C2180DF6B002CAF7A /* MainStore.m in Sources */ = {isa = PBXBuildFile; fileRef = EF76066B2180DF6B002CAF7A /* MainStore.m */; };
		EF76066F2180E099002CAF7A /* MainState.m in Sources */ = {isa = PBXBuildFile; fileRef = EF76066E2180E099002CAF7A /* MainState.m */; };
		EF760672218132DB002CAF7A /* FetchAction.m in Sources */ = {isa = PBXBuildFile; fileRef = EF760671218132DB002CAF7A /* FetchAction.m */; };
		EF7606752181B9B0002CAF7A /* MainReducer.m in Sources */ = {isa = PBXBuildFile; fileRef = EF7606742181B9B0002CAF7A /* MainReducer.m */; };
		EF7614582187B79C00AF7D22 /* MapSelectAction.m in Sources */ = {isa = PBXBuildFile; fileRef = EF7614572187B79C00AF7D22 /* MapSelectAction.m */; };
		EF76145C218870CD00AF7D22 /* ListOrganizationSelectAction.m in Sources */ = {isa = PBXBuildFile; fileRef = EF76145B218870CD00AF7D22 /* ListOrganizationSelectAction.m */; };
		EF91A8AE218267E7000B7D88 /* PresentListAction.m in Sources */ = {isa = PBXBuildFile; fileRef = EF91A8AD218267E7000B7D88 /* PresentListAction.m */; };
		EF91A8B121835D4E000B7D88 /* ListFetchService_Local.m in Sources */ = {isa = PBXBuildFile; fileRef = EF91A8B021835D4E000B7D88 /* ListFetchService_Local.m */; };
		EF91A8B621836BFE000B7D88 /* organization.txt in Resources */ = {isa = PBXBuildFile; fileRef = EF91A8B221835E49000B7D88 /* organization.txt */; };
		EF91A8B921852AC5000B7D88 /* ListSectionModel.m in Sources */ = {isa = PBXBuildFile; fileRef = EF91A8B821852AC5000B7D88 /* ListSectionModel.m */; };
		EF91A8C121852E22000B7D88 /* MapViewController.m in Sources */ = {isa = PBXBuildFile; fileRef = EF91A8C021852E22000B7D88 /* MapViewController.m */; };
		EF91A8C4218537FA000B7D88 /* VisitDTOModel.m in Sources */ = {isa = PBXBuildFile; fileRef = EF91A8C3218537FA000B7D88 /* VisitDTOModel.m */; };
		EF91A8C821855711000B7D88 /* PresentMapAction.m in Sources */ = {isa = PBXBuildFile; fileRef = EF91A8C721855711000B7D88 /* PresentMapAction.m */; };
		EF91A8CA2186E522000B7D88 /* MapKit.framework in Frameworks */ = {isa = PBXBuildFile; fileRef = EF91A8C92186E522000B7D88 /* MapKit.framework */; };
		EF98B92E217E22AB006AB9AF /* MainViewController.m in Sources */ = {isa = PBXBuildFile; fileRef = EF98B92D217E22AB006AB9AF /* MainViewController.m */; };
		EF98B94D217E7B66006AB9AF /* ListTableViewController.m in Sources */ = {isa = PBXBuildFile; fileRef = EF98B94C217E7B66006AB9AF /* ListTableViewController.m */; };
		EF98B957217E95D0006AB9AF /* ListFetchService.m in Sources */ = {isa = PBXBuildFile; fileRef = EF98B956217E95D0006AB9AF /* ListFetchService.m */; };
		EFB32493217FDE77005BA90A /* ListCellModel.m in Sources */ = {isa = PBXBuildFile; fileRef = EFB32492217FDE77005BA90A /* ListCellModel.m */; };
		EFB3249D217FE56F005BA90A /* Store.m in Sources */ = {isa = PBXBuildFile; fileRef = EFB3249C217FE56F005BA90A /* Store.m */; };
/* End PBXBuildFile section */

/* Begin PBXContainerItemProxy section */
		EF6F2E72217E150400207983 /* PBXContainerItemProxy */ = {
			isa = PBXContainerItemProxy;
			containerPortal = EF6F2E51217E150300207983 /* Project object */;
			proxyType = 1;
			remoteGlobalIDString = EF6F2E58217E150300207983;
			remoteInfo = OrganizationsMap;
		};
/* End PBXContainerItemProxy section */

/* Begin PBXFileReference section */
		430C2C5547097340B6FDF47C /* Pods-OrganizationsMapTests.release.xcconfig */ = {isa = PBXFileReference; includeInIndex = 1; lastKnownFileType = text.xcconfig; name = "Pods-OrganizationsMapTests.release.xcconfig"; path = "Target Support Files/Pods-OrganizationsMapTests/Pods-OrganizationsMapTests.release.xcconfig"; sourceTree = "<group>"; };
		4FA86AD248266DF65D7F7554 /* Pods-OrganizationsMapTests.debug.xcconfig */ = {isa = PBXFileReference; includeInIndex = 1; lastKnownFileType = text.xcconfig; name = "Pods-OrganizationsMapTests.debug.xcconfig"; path = "Pods/Target Support Files/Pods-OrganizationsMapTests/Pods-OrganizationsMapTests.debug.xcconfig"; sourceTree = "<group>"; };
		57C0599487B022BFD74A4F27 /* Pods-OrganizationsMap.debug.xcconfig */ = {isa = PBXFileReference; includeInIndex = 1; lastKnownFileType = text.xcconfig; name = "Pods-OrganizationsMap.debug.xcconfig"; path = "Target Support Files/Pods-OrganizationsMap/Pods-OrganizationsMap.debug.xcconfig"; sourceTree = "<group>"; };
		5AFBAA196DD54B6133FF375E /* Pods-OrganizationsMap.release.xcconfig */ = {isa = PBXFileReference; includeInIndex = 1; lastKnownFileType = text.xcconfig; name = "Pods-OrganizationsMap.release.xcconfig"; path = "Pods/Target Support Files/Pods-OrganizationsMap/Pods-OrganizationsMap.release.xcconfig"; sourceTree = "<group>"; };
		5B4B6AB8DB48280BAEFBD9C2 /* libPods-OrganizationsMap.a */ = {isa = PBXFileReference; explicitFileType = archive.ar; includeInIndex = 0; path = "libPods-OrganizationsMap.a"; sourceTree = BUILT_PRODUCTS_DIR; };
		5FA1960BAEABEFDBC340BEA9 /* Pods-OrganizationsMap.release.xcconfig */ = {isa = PBXFileReference; includeInIndex = 1; lastKnownFileType = text.xcconfig; name = "Pods-OrganizationsMap.release.xcconfig"; path = "Target Support Files/Pods-OrganizationsMap/Pods-OrganizationsMap.release.xcconfig"; sourceTree = "<group>"; };
		5FBDBF25080325D1033F4071 /* libPods-OrganizationsMapTests.a */ = {isa = PBXFileReference; explicitFileType = archive.ar; includeInIndex = 0; path = "libPods-OrganizationsMapTests.a"; sourceTree = BUILT_PRODUCTS_DIR; };
		BE087EC2D691A075B9A0A9D7 /* Pods-OrganizationsMapTests.debug.xcconfig */ = {isa = PBXFileReference; includeInIndex = 1; lastKnownFileType = text.xcconfig; name = "Pods-OrganizationsMapTests.debug.xcconfig"; path = "Target Support Files/Pods-OrganizationsMapTests/Pods-OrganizationsMapTests.debug.xcconfig"; sourceTree = "<group>"; };
		EF6F2E59217E150300207983 /* OrganizationsMap.app */ = {isa = PBXFileReference; explicitFileType = wrapper.application; includeInIndex = 0; path = OrganizationsMap.app; sourceTree = BUILT_PRODUCTS_DIR; };
		EF6F2E5C217E150300207983 /* AppDelegate.h */ = {isa = PBXFileReference; lastKnownFileType = sourcecode.c.h; path = AppDelegate.h; sourceTree = "<group>"; };
		EF6F2E5D217E150300207983 /* AppDelegate.m */ = {isa = PBXFileReference; lastKnownFileType = sourcecode.c.objc; path = AppDelegate.m; sourceTree = "<group>"; };
		EF6F2E65217E150400207983 /* Assets.xcassets */ = {isa = PBXFileReference; lastKnownFileType = folder.assetcatalog; path = Assets.xcassets; sourceTree = "<group>"; };
		EF6F2E68217E150400207983 /* Base */ = {isa = PBXFileReference; lastKnownFileType = file.storyboard; name = Base; path = Base.lproj/LaunchScreen.storyboard; sourceTree = "<group>"; };
		EF6F2E6A217E150400207983 /* Info.plist */ = {isa = PBXFileReference; lastKnownFileType = text.plist.xml; path = Info.plist; sourceTree = "<group>"; };
		EF6F2E6B217E150400207983 /* main.m */ = {isa = PBXFileReference; lastKnownFileType = sourcecode.c.objc; path = main.m; sourceTree = "<group>"; };
		EF6F2E71217E150400207983 /* OrganizationsMapTests.xctest */ = {isa = PBXFileReference; explicitFileType = wrapper.cfbundle; includeInIndex = 0; path = OrganizationsMapTests.xctest; sourceTree = BUILT_PRODUCTS_DIR; };
		EF6F2E75217E150400207983 /* OrganizationsMapTests.m */ = {isa = PBXFileReference; lastKnownFileType = sourcecode.c.objc; path = OrganizationsMapTests.m; sourceTree = "<group>"; };
		EF6F2E77217E150400207983 /* Info.plist */ = {isa = PBXFileReference; lastKnownFileType = text.plist.xml; path = Info.plist; sourceTree = "<group>"; };
		EF760655217FEB7C002CAF7A /* StoreSubscriber.h */ = {isa = PBXFileReference; lastKnownFileType = sourcecode.c.h; path = StoreSubscriber.h; sourceTree = "<group>"; };
		EF760657217FF119002CAF7A /* UIApplication+Accessor.h */ = {isa = PBXFileReference; lastKnownFileType = sourcecode.c.h; path = "UIApplication+Accessor.h"; sourceTree = "<group>"; };
		EF760658217FF119002CAF7A /* UIApplication+Accessor.m */ = {isa = PBXFileReference; lastKnownFileType = sourcecode.c.objc; path = "UIApplication+Accessor.m"; sourceTree = "<group>"; };
		EF7606652180DE84002CAF7A /* OrganizationDTOModel.h */ = {isa = PBXFileReference; lastKnownFileType = sourcecode.c.h; path = OrganizationDTOModel.h; sourceTree = "<group>"; };
		EF7606662180DE84002CAF7A /* OrganizationDTOModel.m */ = {isa = PBXFileReference; lastKnownFileType = sourcecode.c.objc; path = OrganizationDTOModel.m; sourceTree = "<group>"; };
		EF76066A2180DF6B002CAF7A /* MainStore.h */ = {isa = PBXFileReference; lastKnownFileType = sourcecode.c.h; path = MainStore.h; sourceTree = "<group>"; };
		EF76066B2180DF6B002CAF7A /* MainStore.m */ = {isa = PBXFileReference; lastKnownFileType = sourcecode.c.objc; path = MainStore.m; sourceTree = "<group>"; };
		EF76066D2180E099002CAF7A /* MainState.h */ = {isa = PBXFileReference; lastKnownFileType = sourcecode.c.h; path = MainState.h; sourceTree = "<group>"; };
		EF76066E2180E099002CAF7A /* MainState.m */ = {isa = PBXFileReference; lastKnownFileType = sourcecode.c.objc; path = MainState.m; sourceTree = "<group>"; };
		EF760670218132DB002CAF7A /* FetchAction.h */ = {isa = PBXFileReference; lastKnownFileType = sourcecode.c.h; path = FetchAction.h; sourceTree = "<group>"; };
		EF760671218132DB002CAF7A /* FetchAction.m */ = {isa = PBXFileReference; lastKnownFileType = sourcecode.c.objc; path = FetchAction.m; sourceTree = "<group>"; };
		EF7606732181B9B0002CAF7A /* MainReducer.h */ = {isa = PBXFileReference; lastKnownFileType = sourcecode.c.h; path = MainReducer.h; sourceTree = "<group>"; };
		EF7606742181B9B0002CAF7A /* MainReducer.m */ = {isa = PBXFileReference; lastKnownFileType = sourcecode.c.objc; path = MainReducer.m; sourceTree = "<group>"; };
		EF7606762181BDB8002CAF7A /* Reducer.h */ = {isa = PBXFileReference; lastKnownFileType = sourcecode.c.h; path = Reducer.h; sourceTree = "<group>"; };
		EF7614562187B79C00AF7D22 /* MapSelectAction.h */ = {isa = PBXFileReference; lastKnownFileType = sourcecode.c.h; path = MapSelectAction.h; sourceTree = "<group>"; };
		EF7614572187B79C00AF7D22 /* MapSelectAction.m */ = {isa = PBXFileReference; lastKnownFileType = sourcecode.c.objc; path = MapSelectAction.m; sourceTree = "<group>"; };
		EF76145A218870CD00AF7D22 /* ListOrganizationSelectAction.h */ = {isa = PBXFileReference; lastKnownFileType = sourcecode.c.h; path = ListOrganizationSelectAction.h; sourceTree = "<group>"; };
		EF76145B218870CD00AF7D22 /* ListOrganizationSelectAction.m */ = {isa = PBXFileReference; lastKnownFileType = sourcecode.c.objc; path = ListOrganizationSelectAction.m; sourceTree = "<group>"; };
		EF91A8AC218267E7000B7D88 /* PresentListAction.h */ = {isa = PBXFileReference; lastKnownFileType = sourcecode.c.h; path = PresentListAction.h; sourceTree = "<group>"; };
		EF91A8AD218267E7000B7D88 /* PresentListAction.m */ = {isa = PBXFileReference; lastKnownFileType = sourcecode.c.objc; path = PresentListAction.m; sourceTree = "<group>"; };
		EF91A8AF21835D4E000B7D88 /* ListFetchService_Local.h */ = {isa = PBXFileReference; lastKnownFileType = sourcecode.c.h; path = ListFetchService_Local.h; sourceTree = "<group>"; };
		EF91A8B021835D4E000B7D88 /* ListFetchService_Local.m */ = {isa = PBXFileReference; lastKnownFileType = sourcecode.c.objc; path = ListFetchService_Local.m; sourceTree = "<group>"; };
		EF91A8B221835E49000B7D88 /* organization.txt */ = {isa = PBXFileReference; lastKnownFileType = text; path = organization.txt; sourceTree = "<group>"; };
		EF91A8B721852AC5000B7D88 /* ListSectionModel.h */ = {isa = PBXFileReference; lastKnownFileType = sourcecode.c.h; path = ListSectionModel.h; sourceTree = "<group>"; };
		EF91A8B821852AC5000B7D88 /* ListSectionModel.m */ = {isa = PBXFileReference; lastKnownFileType = sourcecode.c.objc; path = ListSectionModel.m; sourceTree = "<group>"; };
		EF91A8BF21852E22000B7D88 /* MapViewController.h */ = {isa = PBXFileReference; lastKnownFileType = sourcecode.c.h; path = MapViewController.h; sourceTree = "<group>"; };
		EF91A8C021852E22000B7D88 /* MapViewController.m */ = {isa = PBXFileReference; lastKnownFileType = sourcecode.c.objc; path = MapViewController.m; sourceTree = "<group>"; };
		EF91A8C2218537FA000B7D88 /* VisitDTOModel.h */ = {isa = PBXFileReference; lastKnownFileType = sourcecode.c.h; path = VisitDTOModel.h; sourceTree = "<group>"; };
		EF91A8C3218537FA000B7D88 /* VisitDTOModel.m */ = {isa = PBXFileReference; lastKnownFileType = sourcecode.c.objc; path = VisitDTOModel.m; sourceTree = "<group>"; };
		EF91A8C621855711000B7D88 /* PresentMapAction.h */ = {isa = PBXFileReference; lastKnownFileType = sourcecode.c.h; path = PresentMapAction.h; sourceTree = "<group>"; };
		EF91A8C721855711000B7D88 /* PresentMapAction.m */ = {isa = PBXFileReference; lastKnownFileType = sourcecode.c.objc; path = PresentMapAction.m; sourceTree = "<group>"; };
		EF91A8C92186E522000B7D88 /* MapKit.framework */ = {isa = PBXFileReference; lastKnownFileType = wrapper.framework; name = MapKit.framework; path = System/Library/Frameworks/MapKit.framework; sourceTree = SDKROOT; };
		EF98B92C217E22AB006AB9AF /* MainViewController.h */ = {isa = PBXFileReference; lastKnownFileType = sourcecode.c.h; path = MainViewController.h; sourceTree = "<group>"; };
		EF98B92D217E22AB006AB9AF /* MainViewController.m */ = {isa = PBXFileReference; lastKnownFileType = sourcecode.c.objc; path = MainViewController.m; sourceTree = "<group>"; };
		EF98B94B217E7B66006AB9AF /* ListTableViewController.h */ = {isa = PBXFileReference; lastKnownFileType = sourcecode.c.h; path = ListTableViewController.h; sourceTree = "<group>"; };
		EF98B94C217E7B66006AB9AF /* ListTableViewController.m */ = {isa = PBXFileReference; lastKnownFileType = sourcecode.c.objc; path = ListTableViewController.m; sourceTree = "<group>"; };
		EF98B955217E95D0006AB9AF /* ListFetchService.h */ = {isa = PBXFileReference; lastKnownFileType = sourcecode.c.h; path = ListFetchService.h; sourceTree = "<group>"; };
		EF98B956217E95D0006AB9AF /* ListFetchService.m */ = {isa = PBXFileReference; lastKnownFileType = sourcecode.c.objc; path = ListFetchService.m; sourceTree = "<group>"; };
		EFB32491217FDE77005BA90A /* ListCellModel.h */ = {isa = PBXFileReference; lastKnownFileType = sourcecode.c.h; path = ListCellModel.h; sourceTree = "<group>"; };
		EFB32492217FDE77005BA90A /* ListCellModel.m */ = {isa = PBXFileReference; lastKnownFileType = sourcecode.c.objc; path = ListCellModel.m; sourceTree = "<group>"; };
		EFB32498217FE29F005BA90A /* Action.h */ = {isa = PBXFileReference; lastKnownFileType = sourcecode.c.h; path = Action.h; sourceTree = "<group>"; };
		EFB3249A217FE49F005BA90A /* State.h */ = {isa = PBXFileReference; lastKnownFileType = sourcecode.c.h; path = State.h; sourceTree = "<group>"; };
		EFB3249B217FE56F005BA90A /* Store.h */ = {isa = PBXFileReference; lastKnownFileType = sourcecode.c.h; path = Store.h; sourceTree = "<group>"; };
		EFB3249C217FE56F005BA90A /* Store.m */ = {isa = PBXFileReference; lastKnownFileType = sourcecode.c.objc; path = Store.m; sourceTree = "<group>"; };
		F85E4C2FD26341B2A125317F /* Pods-OrganizationsMap.debug.xcconfig */ = {isa = PBXFileReference; includeInIndex = 1; lastKnownFileType = text.xcconfig; name = "Pods-OrganizationsMap.debug.xcconfig"; path = "Pods/Target Support Files/Pods-OrganizationsMap/Pods-OrganizationsMap.debug.xcconfig"; sourceTree = "<group>"; };
		F94A9C1FFAC17FD7322E6C42 /* Pods-OrganizationsMapTests.release.xcconfig */ = {isa = PBXFileReference; includeInIndex = 1; lastKnownFileType = text.xcconfig; name = "Pods-OrganizationsMapTests.release.xcconfig"; path = "Pods/Target Support Files/Pods-OrganizationsMapTests/Pods-OrganizationsMapTests.release.xcconfig"; sourceTree = "<group>"; };
/* End PBXFileReference section */

/* Begin PBXFrameworksBuildPhase section */
		EF6F2E56217E150300207983 /* Frameworks */ = {
			isa = PBXFrameworksBuildPhase;
			buildActionMask = 2147483647;
			files = (
				EF91A8CA2186E522000B7D88 /* MapKit.framework in Frameworks */,
				C1AC3EAF2A662C90E0E07183 /* libPods-OrganizationsMap.a in Frameworks */,
			);
			runOnlyForDeploymentPostprocessing = 0;
		};
		EF6F2E6E217E150400207983 /* Frameworks */ = {
			isa = PBXFrameworksBuildPhase;
			buildActionMask = 2147483647;
			files = (
				4EE71FEC519951864DB397C1 /* libPods-OrganizationsMapTests.a in Frameworks */,
			);
			runOnlyForDeploymentPostprocessing = 0;
		};
/* End PBXFrameworksBuildPhase section */

/* Begin PBXGroup section */
		B0F91F2607C48DE53432A4C8 /* Pods */ = {
			isa = PBXGroup;
			children = (
				57C0599487B022BFD74A4F27 /* Pods-OrganizationsMap.debug.xcconfig */,
				5FA1960BAEABEFDBC340BEA9 /* Pods-OrganizationsMap.release.xcconfig */,
				BE087EC2D691A075B9A0A9D7 /* Pods-OrganizationsMapTests.debug.xcconfig */,
				430C2C5547097340B6FDF47C /* Pods-OrganizationsMapTests.release.xcconfig */,
				F85E4C2FD26341B2A125317F /* Pods-OrganizationsMap.debug.xcconfig */,
				5AFBAA196DD54B6133FF375E /* Pods-OrganizationsMap.release.xcconfig */,
				4FA86AD248266DF65D7F7554 /* Pods-OrganizationsMapTests.debug.xcconfig */,
				F94A9C1FFAC17FD7322E6C42 /* Pods-OrganizationsMapTests.release.xcconfig */,
			);
			path = Pods;
			sourceTree = "<group>";
		};
		EF6F2E50217E150300207983 = {
			isa = PBXGroup;
			children = (
				EF6F2E5B217E150300207983 /* OrganizationsMap */,
				EF6F2E74217E150400207983 /* OrganizationsMapTests */,
				EF6F2E5A217E150300207983 /* Products */,
				EF98B926217E193C006AB9AF /* Frameworks */,
				B0F91F2607C48DE53432A4C8 /* Pods */,
			);
			sourceTree = "<group>";
		};
		EF6F2E5A217E150300207983 /* Products */ = {
			isa = PBXGroup;
			children = (
				EF6F2E59217E150300207983 /* OrganizationsMap.app */,
				EF6F2E71217E150400207983 /* OrganizationsMapTests.xctest */,
			);
			name = Products;
			sourceTree = "<group>";
		};
		EF6F2E5B217E150300207983 /* OrganizationsMap */ = {
			isa = PBXGroup;
			children = (
				EF98B953217E928E006AB9AF /* Service */,
				EFB3248A217FDE5F005BA90A /* Model */,
				EF760656217FF0F6002CAF7A /* Categories */,
				EF98B954217E92A8006AB9AF /* Redux */,
				EF98B942217E7B29006AB9AF /* UI */,
				EF6F2E5C217E150300207983 /* AppDelegate.h */,
				EF6F2E5D217E150300207983 /* AppDelegate.m */,
				EF6F2E67217E150400207983 /* LaunchScreen.storyboard */,
				EF6F2E6A217E150400207983 /* Info.plist */,
				EF6F2E6B217E150400207983 /* main.m */,
				EF91A8B521836BB7000B7D88 /* Resources */,
			);
			path = OrganizationsMap;
			sourceTree = "<group>";
		};
		EF6F2E74217E150400207983 /* OrganizationsMapTests */ = {
			isa = PBXGroup;
			children = (
				EF6F2E75217E150400207983 /* OrganizationsMapTests.m */,
				EF6F2E77217E150400207983 /* Info.plist */,
			);
			path = OrganizationsMapTests;
			sourceTree = "<group>";
		};
		EF760656217FF0F6002CAF7A /* Categories */ = {
			isa = PBXGroup;
			children = (
				EF760657217FF119002CAF7A /* UIApplication+Accessor.h */,
				EF760658217FF119002CAF7A /* UIApplication+Accessor.m */,
			);
			path = Categories;
			sourceTree = "<group>";
		};
		EF7606682180DF48002CAF7A /* Controller */ = {
			isa = PBXGroup;
			children = (
				EF98B92C217E22AB006AB9AF /* MainViewController.h */,
				EF98B92D217E22AB006AB9AF /* MainViewController.m */,
			);
			path = Controller;
			sourceTree = "<group>";
		};
		EF7606692180DF55002CAF7A /* Redux */ = {
			isa = PBXGroup;
			children = (
				EF76066A2180DF6B002CAF7A /* MainStore.h */,
				EF76066B2180DF6B002CAF7A /* MainStore.m */,
				EF76066D2180E099002CAF7A /* MainState.h */,
				EF76066E2180E099002CAF7A /* MainState.m */,
				EF760670218132DB002CAF7A /* FetchAction.h */,
				EF760671218132DB002CAF7A /* FetchAction.m */,
				EF7606732181B9B0002CAF7A /* MainReducer.h */,
				EF7606742181B9B0002CAF7A /* MainReducer.m */,
				EF91A8AC218267E7000B7D88 /* PresentListAction.h */,
				EF91A8AD218267E7000B7D88 /* PresentListAction.m */,
				EF91A8C621855711000B7D88 /* PresentMapAction.h */,
				EF91A8C721855711000B7D88 /* PresentMapAction.m */,
			);
			path = Redux;
			sourceTree = "<group>";
		};
		EF7614552187B77C00AF7D22 /* Redux */ = {
			isa = PBXGroup;
			children = (
				EF7614562187B79C00AF7D22 /* MapSelectAction.h */,
				EF7614572187B79C00AF7D22 /* MapSelectAction.m */,
			);
			path = Redux;
			sourceTree = "<group>";
		};
		EF7614592187BEB100AF7D22 /* Redux */ = {
			isa = PBXGroup;
			children = (
				EF76145A218870CD00AF7D22 /* ListOrganizationSelectAction.h */,
				EF76145B218870CD00AF7D22 /* ListOrganizationSelectAction.m */,
			);
			path = Redux;
			sourceTree = "<group>";
		};
		EF91A8B521836BB7000B7D88 /* Resources */ = {
			isa = PBXGroup;
			children = (
				EF6F2E65217E150400207983 /* Assets.xcassets */,
				EF91A8B221835E49000B7D88 /* organization.txt */,
			);
			path = Resources;
			sourceTree = "<group>";
		};
		EF91A8BB21852DD8000B7D88 /* View */ = {
			isa = PBXGroup;
			children = (
				EF91A8BF21852E22000B7D88 /* MapViewController.h */,
				EF91A8C021852E22000B7D88 /* MapViewController.m */,
			);
			path = View;
			sourceTree = "<group>";
		};
		EF91A8C5218538C4000B7D88 /* Model */ = {
			isa = PBXGroup;
			children = (
				EFB32491217FDE77005BA90A /* ListCellModel.h */,
				EFB32492217FDE77005BA90A /* ListCellModel.m */,
				EF91A8B721852AC5000B7D88 /* ListSectionModel.h */,
				EF91A8B821852AC5000B7D88 /* ListSectionModel.m */,
			);
			path = Model;
			sourceTree = "<group>";
		};
		EF98B926217E193C006AB9AF /* Frameworks */ = {
			isa = PBXGroup;
			children = (
				EF91A8C92186E522000B7D88 /* MapKit.framework */,
				5B4B6AB8DB48280BAEFBD9C2 /* libPods-OrganizationsMap.a */,
				5FBDBF25080325D1033F4071 /* libPods-OrganizationsMapTests.a */,
			);
			name = Frameworks;
			sourceTree = "<group>";
		};
		EF98B942217E7B29006AB9AF /* UI */ = {
			isa = PBXGroup;
			children = (
				EF98B952217E925E006AB9AF /* Main */,
				EF98B94A217E7B3C006AB9AF /* Map */,
				EF98B949217E7B33006AB9AF /* List */,
			);
			path = UI;
			sourceTree = "<group>";
		};
		EF98B949217E7B33006AB9AF /* List */ = {
			isa = PBXGroup;
			children = (
				EF7614592187BEB100AF7D22 /* Redux */,
				EF91A8C5218538C4000B7D88 /* Model */,
				EF98B951217E9245006AB9AF /* View */,
			);
			path = List;
			sourceTree = "<group>";
		};
		EF98B94A217E7B3C006AB9AF /* Map */ = {
			isa = PBXGroup;
			children = (
				EF7614552187B77C00AF7D22 /* Redux */,
				EF91A8BB21852DD8000B7D88 /* View */,
			);
			path = Map;
			sourceTree = "<group>";
		};
		EF98B951217E9245006AB9AF /* View */ = {
			isa = PBXGroup;
			children = (
				EF98B94B217E7B66006AB9AF /* ListTableViewController.h */,
				EF98B94C217E7B66006AB9AF /* ListTableViewController.m */,
			);
			path = View;
			sourceTree = "<group>";
		};
		EF98B952217E925E006AB9AF /* Main */ = {
			isa = PBXGroup;
			children = (
				EF7606692180DF55002CAF7A /* Redux */,
				EF7606682180DF48002CAF7A /* Controller */,
			);
			path = Main;
			sourceTree = "<group>";
		};
		EF98B953217E928E006AB9AF /* Service */ = {
			isa = PBXGroup;
			children = (
				EF98B955217E95D0006AB9AF /* ListFetchService.h */,
				EF98B956217E95D0006AB9AF /* ListFetchService.m */,
				EF91A8AF21835D4E000B7D88 /* ListFetchService_Local.h */,
				EF91A8B021835D4E000B7D88 /* ListFetchService_Local.m */,
			);
			path = Service;
			sourceTree = "<group>";
		};
		EF98B954217E92A8006AB9AF /* Redux */ = {
			isa = PBXGroup;
			children = (
				EFB32498217FE29F005BA90A /* Action.h */,
				EFB3249A217FE49F005BA90A /* State.h */,
				EF760655217FEB7C002CAF7A /* StoreSubscriber.h */,
				EFB3249B217FE56F005BA90A /* Store.h */,
				EFB3249C217FE56F005BA90A /* Store.m */,
				EF7606762181BDB8002CAF7A /* Reducer.h */,
			);
			path = Redux;
			sourceTree = "<group>";
		};
		EFB3248A217FDE5F005BA90A /* Model */ = {
			isa = PBXGroup;
			children = (
				EF7606652180DE84002CAF7A /* OrganizationDTOModel.h */,
				EF7606662180DE84002CAF7A /* OrganizationDTOModel.m */,
				EF91A8C2218537FA000B7D88 /* VisitDTOModel.h */,
				EF91A8C3218537FA000B7D88 /* VisitDTOModel.m */,
			);
			path = Model;
			sourceTree = "<group>";
		};
/* End PBXGroup section */

/* Begin PBXNativeTarget section */
		EF6F2E58217E150300207983 /* OrganizationsMap */ = {
			isa = PBXNativeTarget;
			buildConfigurationList = EF6F2E7A217E150400207983 /* Build configuration list for PBXNativeTarget "OrganizationsMap" */;
			buildPhases = (
				43921E7F519C84C2B43A01C9 /* [CP] Check Pods Manifest.lock */,
				EF6F2E55217E150300207983 /* Sources */,
				EF6F2E56217E150300207983 /* Frameworks */,
				EF6F2E57217E150300207983 /* Resources */,
			);
			buildRules = (
			);
			dependencies = (
			);
			name = OrganizationsMap;
			productName = OrganizationsMap;
			productReference = EF6F2E59217E150300207983 /* OrganizationsMap.app */;
			productType = "com.apple.product-type.application";
		};
		EF6F2E70217E150400207983 /* OrganizationsMapTests */ = {
			isa = PBXNativeTarget;
			buildConfigurationList = EF6F2E7D217E150400207983 /* Build configuration list for PBXNativeTarget "OrganizationsMapTests" */;
			buildPhases = (
				0BF8AB1B01212F7419FCCBD1 /* [CP] Check Pods Manifest.lock */,
				EF6F2E6D217E150400207983 /* Sources */,
				EF6F2E6E217E150400207983 /* Frameworks */,
				EF6F2E6F217E150400207983 /* Resources */,
			);
			buildRules = (
			);
			dependencies = (
				EF6F2E73217E150400207983 /* PBXTargetDependency */,
			);
			name = OrganizationsMapTests;
			productName = OrganizationsMapTests;
			productReference = EF6F2E71217E150400207983 /* OrganizationsMapTests.xctest */;
			productType = "com.apple.product-type.bundle.unit-test";
		};
/* End PBXNativeTarget section */

/* Begin PBXProject section */
		EF6F2E51217E150300207983 /* Project object */ = {
			isa = PBXProject;
			attributes = {
				LastUpgradeCheck = 1000;
				ORGANIZATIONNAME = "my-night";
				TargetAttributes = {
					EF6F2E58217E150300207983 = {
						CreatedOnToolsVersion = 10.0;
						SystemCapabilities = {
							com.apple.Maps.iOS = {
								enabled = 1;
							};
						};
					};
					EF6F2E70217E150400207983 = {
						CreatedOnToolsVersion = 10.0;
						TestTargetID = EF6F2E58217E150300207983;
					};
				};
			};
			buildConfigurationList = EF6F2E54217E150300207983 /* Build configuration list for PBXProject "OrganizationsMap" */;
			compatibilityVersion = "Xcode 9.3";
			developmentRegion = en;
			hasScannedForEncodings = 0;
			knownRegions = (
				en,
				Base,
			);
			mainGroup = EF6F2E50217E150300207983;
			productRefGroup = EF6F2E5A217E150300207983 /* Products */;
			projectDirPath = "";
			projectRoot = "";
			targets = (
				EF6F2E58217E150300207983 /* OrganizationsMap */,
				EF6F2E70217E150400207983 /* OrganizationsMapTests */,
			);
		};
/* End PBXProject section */

/* Begin PBXResourcesBuildPhase section */
		EF6F2E57217E150300207983 /* Resources */ = {
			isa = PBXResourcesBuildPhase;
			buildActionMask = 2147483647;
			files = (
				EF91A8B621836BFE000B7D88 /* organization.txt in Resources */,
				EF6F2E69217E150400207983 /* LaunchScreen.storyboard in Resources */,
				EF6F2E66217E150400207983 /* Assets.xcassets in Resources */,
			);
			runOnlyForDeploymentPostprocessing = 0;
		};
		EF6F2E6F217E150400207983 /* Resources */ = {
			isa = PBXResourcesBuildPhase;
			buildActionMask = 2147483647;
			files = (
			);
			runOnlyForDeploymentPostprocessing = 0;
		};
/* End PBXResourcesBuildPhase section */

/* Begin PBXShellScriptBuildPhase section */
		0BF8AB1B01212F7419FCCBD1 /* [CP] Check Pods Manifest.lock */ = {
			isa = PBXShellScriptBuildPhase;
			buildActionMask = 2147483647;
			files = (
			);
			inputPaths = (
				"${PODS_PODFILE_DIR_PATH}/Podfile.lock",
				"${PODS_ROOT}/Manifest.lock",
			);
			name = "[CP] Check Pods Manifest.lock";
			outputPaths = (
				"$(DERIVED_FILE_DIR)/Pods-OrganizationsMapTests-checkManifestLockResult.txt",
			);
			runOnlyForDeploymentPostprocessing = 0;
			shellPath = /bin/sh;
			shellScript = "diff \"${PODS_PODFILE_DIR_PATH}/Podfile.lock\" \"${PODS_ROOT}/Manifest.lock\" > /dev/null\nif [ $? != 0 ] ; then\n    # print error to STDERR\n    echo \"error: The sandbox is not in sync with the Podfile.lock. Run 'pod install' or update your CocoaPods installation.\" >&2\n    exit 1\nfi\n# This output is used by Xcode 'outputs' to avoid re-running this script phase.\necho \"SUCCESS\" > \"${SCRIPT_OUTPUT_FILE_0}\"\n";
			showEnvVarsInLog = 0;
		};
		43921E7F519C84C2B43A01C9 /* [CP] Check Pods Manifest.lock */ = {
			isa = PBXShellScriptBuildPhase;
			buildActionMask = 2147483647;
			files = (
			);
			inputPaths = (
				"${PODS_PODFILE_DIR_PATH}/Podfile.lock",
				"${PODS_ROOT}/Manifest.lock",
			);
			name = "[CP] Check Pods Manifest.lock";
			outputPaths = (
				"$(DERIVED_FILE_DIR)/Pods-OrganizationsMap-checkManifestLockResult.txt",
			);
			runOnlyForDeploymentPostprocessing = 0;
			shellPath = /bin/sh;
			shellScript = "diff \"${PODS_PODFILE_DIR_PATH}/Podfile.lock\" \"${PODS_ROOT}/Manifest.lock\" > /dev/null\nif [ $? != 0 ] ; then\n    # print error to STDERR\n    echo \"error: The sandbox is not in sync with the Podfile.lock. Run 'pod install' or update your CocoaPods installation.\" >&2\n    exit 1\nfi\n# This output is used by Xcode 'outputs' to avoid re-running this script phase.\necho \"SUCCESS\" > \"${SCRIPT_OUTPUT_FILE_0}\"\n";
			showEnvVarsInLog = 0;
		};
/* End PBXShellScriptBuildPhase section */

/* Begin PBXSourcesBuildPhase section */
		EF6F2E55217E150300207983 /* Sources */ = {
			isa = PBXSourcesBuildPhase;
			buildActionMask = 2147483647;
			files = (
				EF98B957217E95D0006AB9AF /* ListFetchService.m in Sources */,
				EF6F2E6C217E150400207983 /* main.m in Sources */,
				EF91A8C821855711000B7D88 /* PresentMapAction.m in Sources */,
				EFB32493217FDE77005BA90A /* ListCellModel.m in Sources */,
				EF91A8B121835D4E000B7D88 /* ListFetchService_Local.m in Sources */,
				EF6F2E5E217E150300207983 /* AppDelegate.m in Sources */,
				EF98B92E217E22AB006AB9AF /* MainViewController.m in Sources */,
				EF91A8AE218267E7000B7D88 /* PresentListAction.m in Sources */,
				EF7614582187B79C00AF7D22 /* MapSelectAction.m in Sources */,
				EF76066C2180DF6B002CAF7A /* MainStore.m in Sources */,
				EF760672218132DB002CAF7A /* FetchAction.m in Sources */,
				EF760659217FF119002CAF7A /* UIApplication+Accessor.m in Sources */,
				EF76145C218870CD00AF7D22 /* ListOrganizationSelectAction.m in Sources */,
				EF7606752181B9B0002CAF7A /* MainReducer.m in Sources */,
				EF76066F2180E099002CAF7A /* MainState.m in Sources */,
				EF91A8B921852AC5000B7D88 /* ListSectionModel.m in Sources */,
				EF7606672180DE85002CAF7A /* OrganizationDTOModel.m in Sources */,
				EF91A8C121852E22000B7D88 /* MapViewController.m in Sources */,
				EF91A8C4218537FA000B7D88 /* VisitDTOModel.m in Sources */,
				EF98B94D217E7B66006AB9AF /* ListTableViewController.m in Sources */,
				EFB3249D217FE56F005BA90A /* Store.m in Sources */,
			);
			runOnlyForDeploymentPostprocessing = 0;
		};
		EF6F2E6D217E150400207983 /* Sources */ = {
			isa = PBXSourcesBuildPhase;
			buildActionMask = 2147483647;
			files = (
				EF6F2E76217E150400207983 /* OrganizationsMapTests.m in Sources */,
			);
			runOnlyForDeploymentPostprocessing = 0;
		};
/* End PBXSourcesBuildPhase section */

/* Begin PBXTargetDependency section */
		EF6F2E73217E150400207983 /* PBXTargetDependency */ = {
			isa = PBXTargetDependency;
			target = EF6F2E58217E150300207983 /* OrganizationsMap */;
			targetProxy = EF6F2E72217E150400207983 /* PBXContainerItemProxy */;
		};
/* End PBXTargetDependency section */

/* Begin PBXVariantGroup section */
		EF6F2E67217E150400207983 /* LaunchScreen.storyboard */ = {
			isa = PBXVariantGroup;
			children = (
				EF6F2E68217E150400207983 /* Base */,
			);
			name = LaunchScreen.storyboard;
			sourceTree = "<group>";
		};
/* End PBXVariantGroup section */

/* Begin XCBuildConfiguration section */
		EF6F2E78217E150400207983 /* Debug */ = {
			isa = XCBuildConfiguration;
			buildSettings = {
				ALWAYS_SEARCH_USER_PATHS = NO;
				CLANG_ANALYZER_NONNULL = YES;
				CLANG_ANALYZER_NUMBER_OBJECT_CONVERSION = YES_AGGRESSIVE;
				CLANG_CXX_LANGUAGE_STANDARD = "gnu++14";
				CLANG_CXX_LIBRARY = "libc++";
				CLANG_ENABLE_MODULES = YES;
				CLANG_ENABLE_OBJC_ARC = YES;
				CLANG_ENABLE_OBJC_WEAK = YES;
				CLANG_WARN_BLOCK_CAPTURE_AUTORELEASING = YES;
				CLANG_WARN_BOOL_CONVERSION = YES;
				CLANG_WARN_COMMA = YES;
				CLANG_WARN_CONSTANT_CONVERSION = YES;
				CLANG_WARN_DEPRECATED_OBJC_IMPLEMENTATIONS = YES;
				CLANG_WARN_DIRECT_OBJC_ISA_USAGE = YES_ERROR;
				CLANG_WARN_DOCUMENTATION_COMMENTS = YES;
				CLANG_WARN_EMPTY_BODY = YES;
				CLANG_WARN_ENUM_CONVERSION = YES;
				CLANG_WARN_INFINITE_RECURSION = YES;
				CLANG_WARN_INT_CONVERSION = YES;
				CLANG_WARN_NON_LITERAL_NULL_CONVERSION = YES;
				CLANG_WARN_OBJC_IMPLICIT_RETAIN_SELF = YES;
				CLANG_WARN_OBJC_LITERAL_CONVERSION = YES;
				CLANG_WARN_OBJC_ROOT_CLASS = YES_ERROR;
				CLANG_WARN_RANGE_LOOP_ANALYSIS = YES;
				CLANG_WARN_STRICT_PROTOTYPES = YES;
				CLANG_WARN_SUSPICIOUS_MOVE = YES;
				CLANG_WARN_UNGUARDED_AVAILABILITY = YES_AGGRESSIVE;
				CLANG_WARN_UNREACHABLE_CODE = YES;
				CLANG_WARN__DUPLICATE_METHOD_MATCH = YES;
				CODE_SIGN_IDENTITY = "iPhone Developer";
				COPY_PHASE_STRIP = NO;
				DEBUG_INFORMATION_FORMAT = dwarf;
				ENABLE_STRICT_OBJC_MSGSEND = YES;
				ENABLE_TESTABILITY = YES;
				GCC_C_LANGUAGE_STANDARD = gnu11;
				GCC_DYNAMIC_NO_PIC = NO;
				GCC_NO_COMMON_BLOCKS = YES;
				GCC_OPTIMIZATION_LEVEL = 0;
				GCC_PREPROCESSOR_DEFINITIONS = (
					"DEBUG=1",
					"$(inherited)",
				);
				GCC_WARN_64_TO_32_BIT_CONVERSION = YES;
				GCC_WARN_ABOUT_RETURN_TYPE = YES_ERROR;
				GCC_WARN_UNDECLARED_SELECTOR = YES;
				GCC_WARN_UNINITIALIZED_AUTOS = YES_AGGRESSIVE;
				GCC_WARN_UNUSED_FUNCTION = YES;
				GCC_WARN_UNUSED_VARIABLE = YES;
				IPHONEOS_DEPLOYMENT_TARGET = 9.2;
				MTL_ENABLE_DEBUG_INFO = INCLUDE_SOURCE;
				MTL_FAST_MATH = YES;
				ONLY_ACTIVE_ARCH = YES;
				SDKROOT = iphoneos;
			};
			name = Debug;
		};
		EF6F2E79217E150400207983 /* Release */ = {
			isa = XCBuildConfiguration;
			buildSettings = {
				ALWAYS_SEARCH_USER_PATHS = NO;
				CLANG_ANALYZER_NONNULL = YES;
				CLANG_ANALYZER_NUMBER_OBJECT_CONVERSION = YES_AGGRESSIVE;
				CLANG_CXX_LANGUAGE_STANDARD = "gnu++14";
				CLANG_CXX_LIBRARY = "libc++";
				CLANG_ENABLE_MODULES = YES;
				CLANG_ENABLE_OBJC_ARC = YES;
				CLANG_ENABLE_OBJC_WEAK = YES;
				CLANG_WARN_BLOCK_CAPTURE_AUTORELEASING = YES;
				CLANG_WARN_BOOL_CONVERSION = YES;
				CLANG_WARN_COMMA = YES;
				CLANG_WARN_CONSTANT_CONVERSION = YES;
				CLANG_WARN_DEPRECATED_OBJC_IMPLEMENTATIONS = YES;
				CLANG_WARN_DIRECT_OBJC_ISA_USAGE = YES_ERROR;
				CLANG_WARN_DOCUMENTATION_COMMENTS = YES;
				CLANG_WARN_EMPTY_BODY = YES;
				CLANG_WARN_ENUM_CONVERSION = YES;
				CLANG_WARN_INFINITE_RECURSION = YES;
				CLANG_WARN_INT_CONVERSION = YES;
				CLANG_WARN_NON_LITERAL_NULL_CONVERSION = YES;
				CLANG_WARN_OBJC_IMPLICIT_RETAIN_SELF = YES;
				CLANG_WARN_OBJC_LITERAL_CONVERSION = YES;
				CLANG_WARN_OBJC_ROOT_CLASS = YES_ERROR;
				CLANG_WARN_RANGE_LOOP_ANALYSIS = YES;
				CLANG_WARN_STRICT_PROTOTYPES = YES;
				CLANG_WARN_SUSPICIOUS_MOVE = YES;
				CLANG_WARN_UNGUARDED_AVAILABILITY = YES_AGGRESSIVE;
				CLANG_WARN_UNREACHABLE_CODE = YES;
				CLANG_WARN__DUPLICATE_METHOD_MATCH = YES;
				CODE_SIGN_IDENTITY = "iPhone Developer";
				COPY_PHASE_STRIP = NO;
				DEBUG_INFORMATION_FORMAT = "dwarf-with-dsym";
				ENABLE_NS_ASSERTIONS = NO;
				ENABLE_STRICT_OBJC_MSGSEND = YES;
				GCC_C_LANGUAGE_STANDARD = gnu11;
				GCC_NO_COMMON_BLOCKS = YES;
				GCC_WARN_64_TO_32_BIT_CONVERSION = YES;
				GCC_WARN_ABOUT_RETURN_TYPE = YES_ERROR;
				GCC_WARN_UNDECLARED_SELECTOR = YES;
				GCC_WARN_UNINITIALIZED_AUTOS = YES_AGGRESSIVE;
				GCC_WARN_UNUSED_FUNCTION = YES;
				GCC_WARN_UNUSED_VARIABLE = YES;
				IPHONEOS_DEPLOYMENT_TARGET = 9.2;
				MTL_ENABLE_DEBUG_INFO = NO;
				MTL_FAST_MATH = YES;
				SDKROOT = iphoneos;
				VALIDATE_PRODUCT = YES;
			};
			name = Release;
		};
		EF6F2E7B217E150400207983 /* Debug */ = {
			isa = XCBuildConfiguration;
			baseConfigurationReference = 57C0599487B022BFD74A4F27 /* Pods-OrganizationsMap.debug.xcconfig */;
			buildSettings = {
				ASSETCATALOG_COMPILER_APPICON_NAME = AppIcon;
				CODE_SIGN_IDENTITY = "iPhone Developer";
				CODE_SIGN_STYLE = Automatic;
				DEVELOPMENT_TEAM = GK5XJBLF5J;
				GCC_WARN_UNUSED_VALUE = YES;
				HEADER_SEARCH_PATHS = "$(inherited)";
				INFOPLIST_FILE = OrganizationsMap/Info.plist;
				IPHONEOS_DEPLOYMENT_TARGET = 9.2;
				LD_RUNPATH_SEARCH_PATHS = (
					"$(inherited)",
					"@executable_path/Frameworks",
				);
				PRODUCT_BUNDLE_IDENTIFIER = "my-night.OrganizationsMap";
				PRODUCT_NAME = "$(TARGET_NAME)";
				PROVISIONING_PROFILE_SPECIFIER = "";
				TARGETED_DEVICE_FAMILY = 2;
			};
			name = Debug;
		};
		EF6F2E7C217E150400207983 /* Release */ = {
			isa = XCBuildConfiguration;
			baseConfigurationReference = 5FA1960BAEABEFDBC340BEA9 /* Pods-OrganizationsMap.release.xcconfig */;
			buildSettings = {
				ASSETCATALOG_COMPILER_APPICON_NAME = AppIcon;
				CODE_SIGN_IDENTITY = "iPhone Developer";
				CODE_SIGN_STYLE = Automatic;
				DEVELOPMENT_TEAM = GK5XJBLF5J;
				GCC_WARN_UNUSED_VALUE = YES;
				HEADER_SEARCH_PATHS = "$(inherited)";
				INFOPLIST_FILE = OrganizationsMap/Info.plist;
				IPHONEOS_DEPLOYMENT_TARGET = 9.2;
				LD_RUNPATH_SEARCH_PATHS = (
					"$(inherited)",
					"@executable_path/Frameworks",
				);
				PRODUCT_BUNDLE_IDENTIFIER = "my-night.OrganizationsMap";
				PRODUCT_NAME = "$(TARGET_NAME)";
				PROVISIONING_PROFILE_SPECIFIER = "";
				TARGETED_DEVICE_FAMILY = 2;
			};
			name = Release;
		};
		EF6F2E7E217E150400207983 /* Debug */ = {
			isa = XCBuildConfiguration;
			baseConfigurationReference = BE087EC2D691A075B9A0A9D7 /* Pods-OrganizationsMapTests.debug.xcconfig */;
			buildSettings = {
				BUNDLE_LOADER = "$(TEST_HOST)";
				CODE_SIGN_STYLE = Automatic;
				DEVELOPMENT_TEAM = GK5XJBLF5J;
				INFOPLIST_FILE = OrganizationsMapTests/Info.plist;
				LD_RUNPATH_SEARCH_PATHS = (
					"$(inherited)",
					"@executable_path/Frameworks",
					"@loader_path/Frameworks",
				);
				PRODUCT_BUNDLE_IDENTIFIER = "my-night.OrganizationsMapTests";
				PRODUCT_NAME = "$(TARGET_NAME)";
				TARGETED_DEVICE_FAMILY = "1,2";
				TEST_HOST = "$(BUILT_PRODUCTS_DIR)/OrganizationsMap.app/OrganizationsMap";
			};
			name = Debug;
		};
		EF6F2E7F217E150400207983 /* Release */ = {
			isa = XCBuildConfiguration;
			baseConfigurationReference = 430C2C5547097340B6FDF47C /* Pods-OrganizationsMapTests.release.xcconfig */;
			buildSettings = {
				BUNDLE_LOADER = "$(TEST_HOST)";
				CODE_SIGN_STYLE = Automatic;
				DEVELOPMENT_TEAM = GK5XJBLF5J;
				INFOPLIST_FILE = OrganizationsMapTests/Info.plist;
				LD_RUNPATH_SEARCH_PATHS = (
					"$(inherited)",
					"@executable_path/Frameworks",
					"@loader_path/Frameworks",
				);
				PRODUCT_BUNDLE_IDENTIFIER = "my-night.OrganizationsMapTests";
				PRODUCT_NAME = "$(TARGET_NAME)";
				TARGETED_DEVICE_FAMILY = "1,2";
				TEST_HOST = "$(BUILT_PRODUCTS_DIR)/OrganizationsMap.app/OrganizationsMap";
			};
			name = Release;
		};
/* End XCBuildConfiguration section */

/* Begin XCConfigurationList section */
		EF6F2E54217E150300207983 /* Build configuration list for PBXProject "OrganizationsMap" */ = {
			isa = XCConfigurationList;
			buildConfigurations = (
				EF6F2E78217E150400207983 /* Debug */,
				EF6F2E79217E150400207983 /* Release */,
			);
			defaultConfigurationIsVisible = 0;
			defaultConfigurationName = Debug;
		};
		EF6F2E7A217E150400207983 /* Build configuration list for PBXNativeTarget "OrganizationsMap" */ = {
			isa = XCConfigurationList;
			buildConfigurations = (
				EF6F2E7B217E150400207983 /* Debug */,
				EF6F2E7C217E150400207983 /* Release */,
			);
			defaultConfigurationIsVisible = 0;
			defaultConfigurationName = Debug;
		};
		EF6F2E7D217E150400207983 /* Build configuration list for PBXNativeTarget "OrganizationsMapTests" */ = {
			isa = XCConfigurationList;
			buildConfigurations = (
				EF6F2E7E217E150400207983 /* Debug */,
				EF6F2E7F217E150400207983 /* Release */,
			);
			defaultConfigurationIsVisible = 0;
			defaultConfigurationName = Debug;
		};
/* End XCConfigurationList section */
	};
	rootObject = EF6F2E51217E150300207983 /* Project object */;
}
